// !$*UTF8*$!
{
	archiveVersion = 1;
	classes = {
	};
	objectVersion = 50;
	objects = {

/* Begin PBXBuildFile section */
		BDD877F927305344009DCDBF /* AppDelegate.swift in Sources */ = {isa = PBXBuildFile; fileRef = BDD877F827305344009DCDBF /* AppDelegate.swift */; };
		BDD877FB27305344009DCDBF /* SceneDelegate.swift in Sources */ = {isa = PBXBuildFile; fileRef = BDD877FA27305344009DCDBF /* SceneDelegate.swift */; };
		BDD877FD27305344009DCDBF /* ViewController.swift in Sources */ = {isa = PBXBuildFile; fileRef = BDD877FC27305344009DCDBF /* ViewController.swift */; };
		BDD8780027305344009DCDBF /* Main.storyboard in Resources */ = {isa = PBXBuildFile; fileRef = BDD877FE27305344009DCDBF /* Main.storyboard */; };
		BDD8780227305345009DCDBF /* Assets.xcassets in Resources */ = {isa = PBXBuildFile; fileRef = BDD8780127305345009DCDBF /* Assets.xcassets */; };
		BDD8780527305345009DCDBF /* LaunchScreen.storyboard in Resources */ = {isa = PBXBuildFile; fileRef = BDD8780327305345009DCDBF /* LaunchScreen.storyboard */; };
		BDD8781027305346009DCDBF /* appTests.swift in Sources */ = {isa = PBXBuildFile; fileRef = BDD8780F27305346009DCDBF /* appTests.swift */; };
		BDD8781B27305346009DCDBF /* appUITests.swift in Sources */ = {isa = PBXBuildFile; fileRef = BDD8781A27305346009DCDBF /* appUITests.swift */; };
/* End PBXBuildFile section */

/* Begin PBXContainerItemProxy section */
		BDD8780C27305346009DCDBF /* PBXContainerItemProxy */ = {
			isa = PBXContainerItemProxy;
			containerPortal = BDD877ED27305344009DCDBF /* Project object */;
			proxyType = 1;
			remoteGlobalIDString = BDD877F427305344009DCDBF;
			remoteInfo = app;
		};
		BDD8781727305346009DCDBF /* PBXContainerItemProxy */ = {
			isa = PBXContainerItemProxy;
			containerPortal = BDD877ED27305344009DCDBF /* Project object */;
			proxyType = 1;
			remoteGlobalIDString = BDD877F427305344009DCDBF;
			remoteInfo = app;
		};
/* End PBXContainerItemProxy section */

/* Begin PBXFileReference section */
		BDD877F527305344009DCDBF /* app.app */ = {isa = PBXFileReference; explicitFileType = wrapper.application; includeInIndex = 0; path = app.app; sourceTree = BUILT_PRODUCTS_DIR; };
		BDD877F827305344009DCDBF /* AppDelegate.swift */ = {isa = PBXFileReference; lastKnownFileType = sourcecode.swift; path = AppDelegate.swift; sourceTree = "<group>"; };
		BDD877FA27305344009DCDBF /* SceneDelegate.swift */ = {isa = PBXFileReference; lastKnownFileType = sourcecode.swift; path = SceneDelegate.swift; sourceTree = "<group>"; };
		BDD877FC27305344009DCDBF /* ViewController.swift */ = {isa = PBXFileReference; lastKnownFileType = sourcecode.swift; path = ViewController.swift; sourceTree = "<group>"; };
		BDD877FF27305344009DCDBF /* Base */ = {isa = PBXFileReference; lastKnownFileType = file.storyboard; name = Base; path = Base.lproj/Main.storyboard; sourceTree = "<group>"; };
		BDD8780127305345009DCDBF /* Assets.xcassets */ = {isa = PBXFileReference; lastKnownFileType = folder.assetcatalog; path = Assets.xcassets; sourceTree = "<group>"; };
		BDD8780427305345009DCDBF /* Base */ = {isa = PBXFileReference; lastKnownFileType = file.storyboard; name = Base; path = Base.lproj/LaunchScreen.storyboard; sourceTree = "<group>"; };
		BDD8780627305346009DCDBF /* Info.plist */ = {isa = PBXFileReference; lastKnownFileType = text.plist.xml; path = Info.plist; sourceTree = "<group>"; };
		BDD8780B27305346009DCDBF /* appTests.xctest */ = {isa = PBXFileReference; explicitFileType = wrapper.cfbundle; includeInIndex = 0; path = appTests.xctest; sourceTree = BUILT_PRODUCTS_DIR; };
		BDD8780F27305346009DCDBF /* appTests.swift */ = {isa = PBXFileReference; lastKnownFileType = sourcecode.swift; path = appTests.swift; sourceTree = "<group>"; };
		BDD8781127305346009DCDBF /* Info.plist */ = {isa = PBXFileReference; lastKnownFileType = text.plist.xml; path = Info.plist; sourceTree = "<group>"; };
		BDD8781627305346009DCDBF /* appUITests.xctest */ = {isa = PBXFileReference; explicitFileType = wrapper.cfbundle; includeInIndex = 0; path = appUITests.xctest; sourceTree = BUILT_PRODUCTS_DIR; };
		BDD8781A27305346009DCDBF /* appUITests.swift */ = {isa = PBXFileReference; lastKnownFileType = sourcecode.swift; path = appUITests.swift; sourceTree = "<group>"; };
		BDD8781C27305346009DCDBF /* Info.plist */ = {isa = PBXFileReference; lastKnownFileType = text.plist.xml; path = Info.plist; sourceTree = "<group>"; };
/* End PBXFileReference section */

/* Begin PBXFrameworksBuildPhase section */
		BDD877F227305344009DCDBF /* Frameworks */ = {
			isa = PBXFrameworksBuildPhase;
			buildActionMask = 2147483647;
			files = (
			);
			runOnlyForDeploymentPostprocessing = 0;
		};
		BDD8780827305346009DCDBF /* Frameworks */ = {
			isa = PBXFrameworksBuildPhase;
			buildActionMask = 2147483647;
			files = (
			);
			runOnlyForDeploymentPostprocessing = 0;
		};
		BDD8781327305346009DCDBF /* Frameworks */ = {
			isa = PBXFrameworksBuildPhase;
			buildActionMask = 2147483647;
			files = (
			);
			runOnlyForDeploymentPostprocessing = 0;
		};
/* End PBXFrameworksBuildPhase section */

/* Begin PBXGroup section */
		BDD877EC27305344009DCDBF = {
			isa = PBXGroup;
			children = (
				BDD877F727305344009DCDBF /* app */,
				BDD8780E27305346009DCDBF /* appTests */,
				BDD8781927305346009DCDBF /* appUITests */,
				BDD877F627305344009DCDBF /* Products */,
			);
			sourceTree = "<group>";
		};
		BDD877F627305344009DCDBF /* Products */ = {
			isa = PBXGroup;
			children = (
				BDD877F527305344009DCDBF /* app.app */,
				BDD8780B27305346009DCDBF /* appTests.xctest */,
				BDD8781627305346009DCDBF /* appUITests.xctest */,
			);
			name = Products;
			sourceTree = "<group>";
		};
		BDD877F727305344009DCDBF /* app */ = {
			isa = PBXGroup;
			children = (
				BDD877F827305344009DCDBF /* AppDelegate.swift */,
				BDD877FA27305344009DCDBF /* SceneDelegate.swift */,
				BDD877FC27305344009DCDBF /* ViewController.swift */,
				BDD877FE27305344009DCDBF /* Main.storyboard */,
				BDD8780127305345009DCDBF /* Assets.xcassets */,
				BDD8780327305345009DCDBF /* LaunchScreen.storyboard */,
				BDD8780627305346009DCDBF /* Info.plist */,
			);
			path = app;
			sourceTree = "<group>";
		};
		BDD8780E27305346009DCDBF /* appTests */ = {
			isa = PBXGroup;
			children = (
				BDD8780F27305346009DCDBF /* appTests.swift */,
				BDD8781127305346009DCDBF /* Info.plist */,
			);
			path = appTests;
			sourceTree = "<group>";
		};
		BDD8781927305346009DCDBF /* appUITests */ = {
			isa = PBXGroup;
			children = (
				BDD8781A27305346009DCDBF /* appUITests.swift */,
				BDD8781C27305346009DCDBF /* Info.plist */,
			);
			path = appUITests;
			sourceTree = "<group>";
		};
/* End PBXGroup section */

/* Begin PBXNativeTarget section */
		BDD877F427305344009DCDBF /* app */ = {
			isa = PBXNativeTarget;
			buildConfigurationList = BDD8781F27305346009DCDBF /* Build configuration list for PBXNativeTarget "app" */;
			buildPhases = (
				BDD877F127305344009DCDBF /* Sources */,
				BDD877F227305344009DCDBF /* Frameworks */,
				BDD877F327305344009DCDBF /* Resources */,
			);
			buildRules = (
			);
			dependencies = (
			);
			name = app;
			productName = app;
			productReference = BDD877F527305344009DCDBF /* app.app */;
			productType = "com.apple.product-type.application";
		};
		BDD8780A27305346009DCDBF /* appTests */ = {
			isa = PBXNativeTarget;
			buildConfigurationList = BDD8782227305346009DCDBF /* Build configuration list for PBXNativeTarget "appTests" */;
			buildPhases = (
				BDD8780727305346009DCDBF /* Sources */,
				BDD8780827305346009DCDBF /* Frameworks */,
				BDD8780927305346009DCDBF /* Resources */,
			);
			buildRules = (
			);
			dependencies = (
				BDD8780D27305346009DCDBF /* PBXTargetDependency */,
			);
			name = appTests;
			productName = appTests;
			productReference = BDD8780B27305346009DCDBF /* appTests.xctest */;
			productType = "com.apple.product-type.bundle.unit-test";
		};
		BDD8781527305346009DCDBF /* appUITests */ = {
			isa = PBXNativeTarget;
			buildConfigurationList = BDD8782527305346009DCDBF /* Build configuration list for PBXNativeTarget "appUITests" */;
			buildPhases = (
				BDD8781227305346009DCDBF /* Sources */,
				BDD8781327305346009DCDBF /* Frameworks */,
				BDD8781427305346009DCDBF /* Resources */,
			);
			buildRules = (
			);
			dependencies = (
				BDD8781827305346009DCDBF /* PBXTargetDependency */,
			);
			name = appUITests;
			productName = appUITests;
			productReference = BDD8781627305346009DCDBF /* appUITests.xctest */;
			productType = "com.apple.product-type.bundle.ui-testing";
		};
/* End PBXNativeTarget section */

/* Begin PBXProject section */
		BDD877ED27305344009DCDBF /* Project object */ = {
			isa = PBXProject;
			attributes = {
				LastSwiftUpdateCheck = 1250;
				LastUpgradeCheck = 1250;
				TargetAttributes = {
					BDD877F427305344009DCDBF = {
						CreatedOnToolsVersion = 12.5.1;
					};
					BDD8780A27305346009DCDBF = {
						CreatedOnToolsVersion = 12.5.1;
						TestTargetID = BDD877F427305344009DCDBF;
					};
					BDD8781527305346009DCDBF = {
						CreatedOnToolsVersion = 12.5.1;
						TestTargetID = BDD877F427305344009DCDBF;
					};
				};
			};
			buildConfigurationList = BDD877F027305344009DCDBF /* Build configuration list for PBXProject "app" */;
			compatibilityVersion = "Xcode 9.3";
			developmentRegion = en;
			hasScannedForEncodings = 0;
			knownRegions = (
				en,
				Base,
			);
			mainGroup = BDD877EC27305344009DCDBF;
			productRefGroup = BDD877F627305344009DCDBF /* Products */;
			projectDirPath = "";
			projectRoot = "";
			targets = (
				BDD877F427305344009DCDBF /* app */,
				BDD8780A27305346009DCDBF /* appTests */,
				BDD8781527305346009DCDBF /* appUITests */,
			);
		};
/* End PBXProject section */

/* Begin PBXResourcesBuildPhase section */
		BDD877F327305344009DCDBF /* Resources */ = {
			isa = PBXResourcesBuildPhase;
			buildActionMask = 2147483647;
			files = (
				BDD8780527305345009DCDBF /* LaunchScreen.storyboard in Resources */,
				BDD8780227305345009DCDBF /* Assets.xcassets in Resources */,
				BDD8780027305344009DCDBF /* Main.storyboard in Resources */,
			);
			runOnlyForDeploymentPostprocessing = 0;
		};
		BDD8780927305346009DCDBF /* Resources */ = {
			isa = PBXResourcesBuildPhase;
			buildActionMask = 2147483647;
			files = (
			);
			runOnlyForDeploymentPostprocessing = 0;
		};
		BDD8781427305346009DCDBF /* Resources */ = {
			isa = PBXResourcesBuildPhase;
			buildActionMask = 2147483647;
			files = (
			);
			runOnlyForDeploymentPostprocessing = 0;
		};
/* End PBXResourcesBuildPhase section */

/* Begin PBXSourcesBuildPhase section */
		BDD877F127305344009DCDBF /* Sources */ = {
			isa = PBXSourcesBuildPhase;
			buildActionMask = 2147483647;
			files = (
				BDD877FD27305344009DCDBF /* ViewController.swift in Sources */,
				BDD877F927305344009DCDBF /* AppDelegate.swift in Sources */,
				BDD877FB27305344009DCDBF /* SceneDelegate.swift in Sources */,
			);
			runOnlyForDeploymentPostprocessing = 0;
		};
		BDD8780727305346009DCDBF /* Sources */ = {
			isa = PBXSourcesBuildPhase;
			buildActionMask = 2147483647;
			files = (
				BDD8781027305346009DCDBF /* appTests.swift in Sources */,
			);
			runOnlyForDeploymentPostprocessing = 0;
		};
		BDD8781227305346009DCDBF /* Sources */ = {
			isa = PBXSourcesBuildPhase;
			buildActionMask = 2147483647;
			files = (
				BDD8781B27305346009DCDBF /* appUITests.swift in Sources */,
			);
			runOnlyForDeploymentPostprocessing = 0;
		};
/* End PBXSourcesBuildPhase section */

/* Begin PBXTargetDependency section */
		BDD8780D27305346009DCDBF /* PBXTargetDependency */ = {
			isa = PBXTargetDependency;
			target = BDD877F427305344009DCDBF /* app */;
			targetProxy = BDD8780C27305346009DCDBF /* PBXContainerItemProxy */;
		};
		BDD8781827305346009DCDBF /* PBXTargetDependency */ = {
			isa = PBXTargetDependency;
			target = BDD877F427305344009DCDBF /* app */;
			targetProxy = BDD8781727305346009DCDBF /* PBXContainerItemProxy */;
		};
/* End PBXTargetDependency section */

/* Begin PBXVariantGroup section */
		BDD877FE27305344009DCDBF /* Main.storyboard */ = {
			isa = PBXVariantGroup;
			children = (
				BDD877FF27305344009DCDBF /* Base */,
			);
			name = Main.storyboard;
			sourceTree = "<group>";
		};
		BDD8780327305345009DCDBF /* LaunchScreen.storyboard */ = {
			isa = PBXVariantGroup;
			children = (
				BDD8780427305345009DCDBF /* Base */,
			);
			name = LaunchScreen.storyboard;
			sourceTree = "<group>";
		};
/* End PBXVariantGroup section */

/* Begin XCBuildConfiguration section */
		BDD8781D27305346009DCDBF /* Debug */ = {
			isa = XCBuildConfiguration;
			buildSettings = {
				ALWAYS_SEARCH_USER_PATHS = NO;
				CLANG_ANALYZER_NONNULL = YES;
				CLANG_ANALYZER_NUMBER_OBJECT_CONVERSION = YES_AGGRESSIVE;
				CLANG_CXX_LANGUAGE_STANDARD = "gnu++14";
				CLANG_CXX_LIBRARY = "libc++";
				CLANG_ENABLE_MODULES = YES;
				CLANG_ENABLE_OBJC_ARC = YES;
				CLANG_ENABLE_OBJC_WEAK = YES;
				CLANG_WARN_BLOCK_CAPTURE_AUTORELEASING = YES;
				CLANG_WARN_BOOL_CONVERSION = YES;
				CLANG_WARN_COMMA = YES;
				CLANG_WARN_CONSTANT_CONVERSION = YES;
				CLANG_WARN_DEPRECATED_OBJC_IMPLEMENTATIONS = YES;
				CLANG_WARN_DIRECT_OBJC_ISA_USAGE = YES_ERROR;
				CLANG_WARN_DOCUMENTATION_COMMENTS = YES;
				CLANG_WARN_EMPTY_BODY = YES;
				CLANG_WARN_ENUM_CONVERSION = YES;
				CLANG_WARN_INFINITE_RECURSION = YES;
				CLANG_WARN_INT_CONVERSION = YES;
				CLANG_WARN_NON_LITERAL_NULL_CONVERSION = YES;
				CLANG_WARN_OBJC_IMPLICIT_RETAIN_SELF = YES;
				CLANG_WARN_OBJC_LITERAL_CONVERSION = YES;
				CLANG_WARN_OBJC_ROOT_CLASS = YES_ERROR;
				CLANG_WARN_QUOTED_INCLUDE_IN_FRAMEWORK_HEADER = YES;
				CLANG_WARN_RANGE_LOOP_ANALYSIS = YES;
				CLANG_WARN_STRICT_PROTOTYPES = YES;
				CLANG_WARN_SUSPICIOUS_MOVE = YES;
				CLANG_WARN_UNGUARDED_AVAILABILITY = YES_AGGRESSIVE;
				CLANG_WARN_UNREACHABLE_CODE = YES;
				CLANG_WARN__DUPLICATE_METHOD_MATCH = YES;
				COPY_PHASE_STRIP = NO;
				DEBUG_INFORMATION_FORMAT = dwarf;
				ENABLE_STRICT_OBJC_MSGSEND = YES;
				ENABLE_TESTABILITY = YES;
				GCC_C_LANGUAGE_STANDARD = gnu11;
				GCC_DYNAMIC_NO_PIC = NO;
				GCC_NO_COMMON_BLOCKS = YES;
				GCC_OPTIMIZATION_LEVEL = 0;
				GCC_PREPROCESSOR_DEFINITIONS = (
					"DEBUG=1",
					"$(inherited)",
				);
				GCC_WARN_64_TO_32_BIT_CONVERSION = YES;
				GCC_WARN_ABOUT_RETURN_TYPE = YES_ERROR;
				GCC_WARN_UNDECLARED_SELECTOR = YES;
				GCC_WARN_UNINITIALIZED_AUTOS = YES_AGGRESSIVE;
				GCC_WARN_UNUSED_FUNCTION = YES;
				GCC_WARN_UNUSED_VARIABLE = YES;
				IPHONEOS_DEPLOYMENT_TARGET = 14.5;
				MTL_ENABLE_DEBUG_INFO = INCLUDE_SOURCE;
				MTL_FAST_MATH = YES;
				ONLY_ACTIVE_ARCH = YES;
				SDKROOT = iphoneos;
				SWIFT_ACTIVE_COMPILATION_CONDITIONS = DEBUG;
				SWIFT_OPTIMIZATION_LEVEL = "-Onone";
			};
			name = Debug;
		};
		BDD8781E27305346009DCDBF /* Release */ = {
			isa = XCBuildConfiguration;
			buildSettings = {
				ALWAYS_SEARCH_USER_PATHS = NO;
				CLANG_ANALYZER_NONNULL = YES;
				CLANG_ANALYZER_NUMBER_OBJECT_CONVERSION = YES_AGGRESSIVE;
				CLANG_CXX_LANGUAGE_STANDARD = "gnu++14";
				CLANG_CXX_LIBRARY = "libc++";
				CLANG_ENABLE_MODULES = YES;
				CLANG_ENABLE_OBJC_ARC = YES;
				CLANG_ENABLE_OBJC_WEAK = YES;
				CLANG_WARN_BLOCK_CAPTURE_AUTORELEASING = YES;
				CLANG_WARN_BOOL_CONVERSION = YES;
				CLANG_WARN_COMMA = YES;
				CLANG_WARN_CONSTANT_CONVERSION = YES;
				CLANG_WARN_DEPRECATED_OBJC_IMPLEMENTATIONS = YES;
				CLANG_WARN_DIRECT_OBJC_ISA_USAGE = YES_ERROR;
				CLANG_WARN_DOCUMENTATION_COMMENTS = YES;
				CLANG_WARN_EMPTY_BODY = YES;
				CLANG_WARN_ENUM_CONVERSION = YES;
				CLANG_WARN_INFINITE_RECURSION = YES;
				CLANG_WARN_INT_CONVERSION = YES;
				CLANG_WARN_NON_LITERAL_NULL_CONVERSION = YES;
				CLANG_WARN_OBJC_IMPLICIT_RETAIN_SELF = YES;
				CLANG_WARN_OBJC_LITERAL_CONVERSION = YES;
				CLANG_WARN_OBJC_ROOT_CLASS = YES_ERROR;
				CLANG_WARN_QUOTED_INCLUDE_IN_FRAMEWORK_HEADER = YES;
				CLANG_WARN_RANGE_LOOP_ANALYSIS = YES;
				CLANG_WARN_STRICT_PROTOTYPES = YES;
				CLANG_WARN_SUSPICIOUS_MOVE = YES;
				CLANG_WARN_UNGUARDED_AVAILABILITY = YES_AGGRESSIVE;
				CLANG_WARN_UNREACHABLE_CODE = YES;
				CLANG_WARN__DUPLICATE_METHOD_MATCH = YES;
				COPY_PHASE_STRIP = NO;
				DEBUG_INFORMATION_FORMAT = "dwarf-with-dsym";
				ENABLE_NS_ASSERTIONS = NO;
				ENABLE_STRICT_OBJC_MSGSEND = YES;
				GCC_C_LANGUAGE_STANDARD = gnu11;
				GCC_NO_COMMON_BLOCKS = YES;
				GCC_WARN_64_TO_32_BIT_CONVERSION = YES;
				GCC_WARN_ABOUT_RETURN_TYPE = YES_ERROR;
				GCC_WARN_UNDECLARED_SELECTOR = YES;
				GCC_WARN_UNINITIALIZED_AUTOS = YES_AGGRESSIVE;
				GCC_WARN_UNUSED_FUNCTION = YES;
				GCC_WARN_UNUSED_VARIABLE = YES;
				IPHONEOS_DEPLOYMENT_TARGET = 14.5;
				MTL_ENABLE_DEBUG_INFO = NO;
				MTL_FAST_MATH = YES;
				SDKROOT = iphoneos;
				SWIFT_COMPILATION_MODE = wholemodule;
				SWIFT_OPTIMIZATION_LEVEL = "-O";
				VALIDATE_PRODUCT = YES;
			};
			name = Release;
		};
		BDD8782027305346009DCDBF /* Debug */ = {
			isa = XCBuildConfiguration;
			buildSettings = {
				ASSETCATALOG_COMPILER_APPICON_NAME = AppIcon;
				ASSETCATALOG_COMPILER_GLOBAL_ACCENT_COLOR_NAME = AccentColor;
				CODE_SIGN_STYLE = Automatic;
				INFOPLIST_FILE = app/Info.plist;
				LD_RUNPATH_SEARCH_PATHS = (
					"$(inherited)",
					"@executable_path/Frameworks",
				);
				PRODUCT_BUNDLE_IDENTIFIER = yoshimura.k.app;
				PRODUCT_NAME = "$(TARGET_NAME)";
				SWIFT_VERSION = 5.0;
				TARGETED_DEVICE_FAMILY = "1,2";
			};
			name = Debug;
		};
		BDD8782127305346009DCDBF /* Release */ = {
			isa = XCBuildConfiguration;
			buildSettings = {
				ASSETCATALOG_COMPILER_APPICON_NAME = AppIcon;
				ASSETCATALOG_COMPILER_GLOBAL_ACCENT_COLOR_NAME = AccentColor;
				CODE_SIGN_STYLE = Automatic;
				INFOPLIST_FILE = app/Info.plist;
				LD_RUNPATH_SEARCH_PATHS = (
					"$(inherited)",
					"@executable_path/Frameworks",
				);
				PRODUCT_BUNDLE_IDENTIFIER = yoshimura.k.app;
				PRODUCT_NAME = "$(TARGET_NAME)";
				SWIFT_VERSION = 5.0;
				TARGETED_DEVICE_FAMILY = "1,2";
			};
			name = Release;
		};
		BDD8782327305346009DCDBF /* Debug */ = {
			isa = XCBuildConfiguration;
			buildSettings = {
				ALWAYS_EMBED_SWIFT_STANDARD_LIBRARIES = YES;
				BUNDLE_LOADER = "$(TEST_HOST)";
				CODE_SIGN_STYLE = Automatic;
				INFOPLIST_FILE = appTests/Info.plist;
				IPHONEOS_DEPLOYMENT_TARGET = 14.5;
				LD_RUNPATH_SEARCH_PATHS = (
					"$(inherited)",
					"@executable_path/Frameworks",
					"@loader_path/Frameworks",
				);
				PRODUCT_BUNDLE_IDENTIFIER = yoshimura.k.appTests;
				PRODUCT_NAME = "$(TARGET_NAME)";
				SWIFT_VERSION = 5.0;
				TARGETED_DEVICE_FAMILY = "1,2";
				TEST_HOST = "$(BUILT_PRODUCTS_DIR)/app.app/app";
			};
			name = Debug;
		};
		BDD8782427305346009DCDBF /* Release */ = {
			isa = XCBuildConfiguration;
			buildSettings = {
				ALWAYS_EMBED_SWIFT_STANDARD_LIBRARIES = YES;
				BUNDLE_LOADER = "$(TEST_HOST)";
				CODE_SIGN_STYLE = Automatic;
				INFOPLIST_FILE = appTests/Info.plist;
				IPHONEOS_DEPLOYMENT_TARGET = 14.5;
				LD_RUNPATH_SEARCH_PATHS = (
					"$(inherited)",
					"@executable_path/Frameworks",
					"@loader_path/Frameworks",
				);
				PRODUCT_BUNDLE_IDENTIFIER = yoshimura.k.appTests;
				PRODUCT_NAME = "$(TARGET_NAME)";
				SWIFT_VERSION = 5.0;
				TARGETED_DEVICE_FAMILY = "1,2";
				TEST_HOST = "$(BUILT_PRODUCTS_DIR)/app.app/app";
			};
			name = Release;
		};
		BDD8782627305346009DCDBF /* Debug */ = {
			isa = XCBuildConfiguration;
			buildSettings = {
				ALWAYS_EMBED_SWIFT_STANDARD_LIBRARIES = YES;
				CODE_SIGN_STYLE = Automatic;
				INFOPLIST_FILE = appUITests/Info.plist;
				LD_RUNPATH_SEARCH_PATHS = (
					"$(inherited)",
					"@executable_path/Frameworks",
					"@loader_path/Frameworks",
				);
				PRODUCT_BUNDLE_IDENTIFIER = yoshimura.k.appUITests;
				PRODUCT_NAME = "$(TARGET_NAME)";
				SWIFT_VERSION = 5.0;
				TARGETED_DEVICE_FAMILY = "1,2";
				TEST_TARGET_NAME = app;
			};
			name = Debug;
		};
		BDD8782727305346009DCDBF /* Release */ = {
			isa = XCBuildConfiguration;
			buildSettings = {
				ALWAYS_EMBED_SWIFT_STANDARD_LIBRARIES = YES;
				CODE_SIGN_STYLE = Automatic;
				INFOPLIST_FILE = appUITests/Info.plist;
				LD_RUNPATH_SEARCH_PATHS = (
					"$(inherited)",
					"@executable_path/Frameworks",
					"@loader_path/Frameworks",
				);
				PRODUCT_BUNDLE_IDENTIFIER = yoshimura.k.appUITests;
				PRODUCT_NAME = "$(TARGET_NAME)";
				SWIFT_VERSION = 5.0;
				TARGETED_DEVICE_FAMILY = "1,2";
				TEST_TARGET_NAME = app;
			};
			name = Release;
		};
/* End XCBuildConfiguration section */

/* Begin XCConfigurationList section */
		BDD877F027305344009DCDBF /* Build configuration list for PBXProject "app" */ = {
			isa = XCConfigurationList;
			buildConfigurations = (
				BDD8781D27305346009DCDBF /* Debug */,
				BDD8781E27305346009DCDBF /* Release */,
			);
			defaultConfigurationIsVisible = 0;
			defaultConfigurationName = Release;
		};
		BDD8781F27305346009DCDBF /* Build configuration list for PBXNativeTarget "app" */ = {
			isa = XCConfigurationList;
			buildConfigurations = (
				BDD8782027305346009DCDBF /* Debug */,
				BDD8782127305346009DCDBF /* Release */,
			);
			defaultConfigurationIsVisible = 0;
			defaultConfigurationName = Release;
		};
		BDD8782227305346009DCDBF /* Build configuration list for PBXNativeTarget "appTests" */ = {
			isa = XCConfigurationList;
			buildConfigurations = (
				BDD8782327305346009DCDBF /* Debug */,
				BDD8782427305346009DCDBF /* Release */,
			);
			defaultConfigurationIsVisible = 0;
			defaultConfigurationName = Release;
		};
		BDD8782527305346009DCDBF /* Build configuration list for PBXNativeTarget "appUITests" */ = {
			isa = XCConfigurationList;
			buildConfigurations = (
				BDD8782627305346009DCDBF /* Debug */,
				BDD8782727305346009DCDBF /* Release */,
			);
			defaultConfigurationIsVisible = 0;
			defaultConfigurationName = Release;
		};
/* End XCConfigurationList section */
	};
	rootObject = BDD877ED27305344009DCDBF /* Project object */;
}
